
Microsoft Visual Studio Solution File, Format Version 9.00
# Visual C# Express 2005
Project("{FAE04EC0-301F-11D3-BF4B-00C04F79EFBC}") = "Biplane", "Biplane\Biplane.csproj", "{3E63A527-2683-419E-B3D4-AE12E8535F9F}"
EndProject
Project("{FAE04EC0-301F-11D3-BF4B-00C04F79EFBC}") = "Biplane360", "Biplane\Biplane360.csproj", "{17051871-F5F2-4E11-BF03-EA3C261AE0EA}"
EndProject
Project("{FAE04EC0-301F-11D3-BF4B-00C04F79EFBC}") = "HeightmapPipeline", "HeightmapPipeline\HeightmapPipeline.csproj", "{45AE3A68-D17E-4A57-A199-59265566BC14}"
EndProject
Global
	GlobalSection(SolutionConfigurationPlatforms) = preSolution
		Debug|Mixed Platforms = Debug|Mixed Platforms
		Debug|x86 = Debug|x86
		Debug|Xbox 360 = Debug|Xbox 360
		Release|Mixed Platforms = Release|Mixed Platforms
		Release|x86 = Release|x86
		Release|Xbox 360 = Release|Xbox 360
	EndGlobalSection
	GlobalSection(ProjectConfigurationPlatforms) = postSolution
		{3E63A527-2683-419E-B3D4-AE12E8535F9F}.Debug|Mixed Platforms.ActiveCfg = Debug|x86
		{3E63A527-2683-419E-B3D4-AE12E8535F9F}.Debug|Mixed Platforms.Build.0 = Debug|x86
		{3E63A527-2683-419E-B3D4-AE12E8535F9F}.Debug|x86.ActiveCfg = Debug|x86
		{3E63A527-2683-419E-B3D4-AE12E8535F9F}.Debug|x86.Build.0 = Debug|x86
		{3E63A527-2683-419E-B3D4-AE12E8535F9F}.Debug|Xbox 360.ActiveCfg = Debug|x86
		{3E63A527-2683-419E-B3D4-AE12E8535F9F}.Release|Mixed Platforms.ActiveCfg = Release|x86
		{3E63A527-2683-419E-B3D4-AE12E8535F9F}.Release|Mixed Platforms.Build.0 = Release|x86
		{3E63A527-2683-419E-B3D4-AE12E8535F9F}.Release|x86.ActiveCfg = Release|x86
		{3E63A527-2683-419E-B3D4-AE12E8535F9F}.Release|x86.Build.0 = Release|x86
		{3E63A527-2683-419E-B3D4-AE12E8535F9F}.Release|Xbox 360.ActiveCfg = Release|x86
		{17051871-F5F2-4E11-BF03-EA3C261AE0EA}.Debug|Mixed Platforms.ActiveCfg = Debug|Xbox 360
		{17051871-F5F2-4E11-BF03-EA3C261AE0EA}.Debug|Mixed Platforms.Build.0 = Debug|Xbox 360
		{17051871-F5F2-4E11-BF03-EA3C261AE0EA}.Debug|Mixed Platforms.Deploy.0 = Debug|Xbox 360
		{17051871-F5F2-4E11-BF03-EA3C261AE0EA}.Debug|x86.ActiveCfg = Debug|Xbox 360
		{17051871-F5F2-4E11-BF03-EA3C261AE0EA}.Debug|Xbox 360.ActiveCfg = Debug|Xbox 360
		{17051871-F5F2-4E11-BF03-EA3C261AE0EA}.Debug|Xbox 360.Build.0 = Debug|Xbox 360
		{17051871-F5F2-4E11-BF03-EA3C261AE0EA}.Debug|Xbox 360.Deploy.0 = Debug|Xbox 360
		{17051871-F5F2-4E11-BF03-EA3C261AE0EA}.Release|Mixed Platforms.ActiveCfg = Release|Xbox 360
		{17051871-F5F2-4E11-BF03-EA3C261AE0EA}.Release|Mixed Platforms.Build.0 = Release|Xbox 360
		{17051871-F5F2-4E11-BF03-EA3C261AE0EA}.Release|Mixed Platforms.Deploy.0 = Release|Xbox 360
		{17051871-F5F2-4E11-BF03-EA3C261AE0EA}.Release|x86.ActiveCfg = Release|Xbox 360
		{17051871-F5F2-4E11-BF03-EA3C261AE0EA}.Release|Xbox 360.ActiveCfg = Release|Xbox 360
		{17051871-F5F2-4E11-BF03-EA3C261AE0EA}.Release|Xbox 360.Build.0 = Release|Xbox 360
		{17051871-F5F2-4E11-BF03-EA3C261AE0EA}.Release|Xbox 360.Deploy.0 = Release|Xbox 360
		{E435E610-CC25-4410-AE46-BC27EF06C750}.Debug|Mixed Platforms.ActiveCfg = Debug|x86
		{E435E610-CC25-4410-AE46-BC27EF06C750}.Debug|x86.ActiveCfg = Debug|x86
		{E435E610-CC25-4410-AE46-BC27EF06C750}.Debug|Xbox 360.ActiveCfg = Debug|x86
		{E435E610-CC25-4410-AE46-BC27EF06C750}.Release|Mixed Platforms.ActiveCfg = Release|x86
		{E435E610-CC25-4410-AE46-BC27EF06C750}.Release|x86.ActiveCfg = Release|x86
		{E435E610-CC25-4410-AE46-BC27EF06C750}.Release|Xbox 360.ActiveCfg = Release|x86
		{45AE3A68-D17E-4A57-A199-59265566BC14}.Debug|Mixed Platforms.ActiveCfg = Debug|Xbox 360
		{45AE3A68-D17E-4A57-A199-59265566BC14}.Debug|Mixed Platforms.Build.0 = Debug|Xbox 360
		{45AE3A68-D17E-4A57-A199-59265566BC14}.Debug|x86.ActiveCfg = Debug|x86
		{45AE3A68-D17E-4A57-A199-59265566BC14}.Debug|x86.Build.0 = Debug|x86
		{45AE3A68-D17E-4A57-A199-59265566BC14}.Debug|Xbox 360.ActiveCfg = Debug|Xbox 360
		{45AE3A68-D17E-4A57-A199-59265566BC14}.Debug|Xbox 360.Build.0 = Debug|Xbox 360
		{45AE3A68-D17E-4A57-A199-59265566BC14}.Release|Mixed Platforms.ActiveCfg = Release|Xbox 360
		{45AE3A68-D17E-4A57-A199-59265566BC14}.Release|Mixed Platforms.Build.0 = Release|Xbox 360
		{45AE3A68-D17E-4A57-A199-59265566BC14}.Release|x86.ActiveCfg = Release|x86
		{45AE3A68-D17E-4A57-A199-59265566BC14}.Release|x86.Build.0 = Release|x86
		{45AE3A68-D17E-4A57-A199-59265566BC14}.Release|Xbox 360.ActiveCfg = Release|Xbox 360
		{45AE3A68-D17E-4A57-A199-59265566BC14}.Release|Xbox 360.Build.0 = Release|Xbox 360
	EndGlobalSection
	GlobalSection(SolutionProperties) = preSolution
		HideSolutionNode = FALSE
	EndGlobalSection
EndGlobal
